// !$*UTF8*$!
{
	archiveVersion = 1;
	classes = {
	};
	objectVersion = 46;
	objects = {

/* Begin PBXBuildFile section */
		81B6F2551DD0DAB20093E03D /* AppDelegate.swift in Sources */ = {isa = PBXBuildFile; fileRef = 81B6F2541DD0DAB20093E03D /* AppDelegate.swift */; };
		81B6F25A1DD0DAB20093E03D /* Main.storyboard in Resources */ = {isa = PBXBuildFile; fileRef = 81B6F2581DD0DAB20093E03D /* Main.storyboard */; };
		81B6F25C1DD0DAB20093E03D /* Assets.xcassets in Resources */ = {isa = PBXBuildFile; fileRef = 81B6F25B1DD0DAB20093E03D /* Assets.xcassets */; };
		81B6F25F1DD0DAB20093E03D /* LaunchScreen.storyboard in Resources */ = {isa = PBXBuildFile; fileRef = 81B6F25D1DD0DAB20093E03D /* LaunchScreen.storyboard */; };
		81B6F26A1DD0DAB30093E03D /* StationTrackerTests.swift in Sources */ = {isa = PBXBuildFile; fileRef = 81B6F2691DD0DAB30093E03D /* StationTrackerTests.swift */; };
		81B6F2781DD0F8590093E03D /* EnterLocationViewController.swift in Sources */ = {isa = PBXBuildFile; fileRef = 81B6F2771DD0F8590093E03D /* EnterLocationViewController.swift */; };
		81B6F27B1DD105FE0093E03D /* STUtilities.swift in Sources */ = {isa = PBXBuildFile; fileRef = 81B6F27A1DD105FE0093E03D /* STUtilities.swift */; };
		81B6F27D1DD14FC70093E03D /* LocationsViewController.swift in Sources */ = {isa = PBXBuildFile; fileRef = 81B6F27C1DD14FC70093E03D /* LocationsViewController.swift */; };
/* End PBXBuildFile section */

/* Begin PBXContainerItemProxy section */
		81B6F2661DD0DAB30093E03D /* PBXContainerItemProxy */ = {
			isa = PBXContainerItemProxy;
			containerPortal = 81B6F2491DD0DAB20093E03D /* Project object */;
			proxyType = 1;
			remoteGlobalIDString = 81B6F2501DD0DAB20093E03D;
			remoteInfo = StationTracker;
		};
/* End PBXContainerItemProxy section */

/* Begin PBXFileReference section */
		81B6F2511DD0DAB20093E03D /* StationTracker.app */ = {isa = PBXFileReference; explicitFileType = wrapper.application; includeInIndex = 0; path = StationTracker.app; sourceTree = BUILT_PRODUCTS_DIR; };
		81B6F2541DD0DAB20093E03D /* AppDelegate.swift */ = {isa = PBXFileReference; lastKnownFileType = sourcecode.swift; path = AppDelegate.swift; sourceTree = "<group>"; };
		81B6F2591DD0DAB20093E03D /* Base */ = {isa = PBXFileReference; lastKnownFileType = file.storyboard; name = Base; path = Base.lproj/Main.storyboard; sourceTree = "<group>"; };
		81B6F25B1DD0DAB20093E03D /* Assets.xcassets */ = {isa = PBXFileReference; lastKnownFileType = folder.assetcatalog; path = Assets.xcassets; sourceTree = "<group>"; };
		81B6F25E1DD0DAB20093E03D /* Base */ = {isa = PBXFileReference; lastKnownFileType = file.storyboard; name = Base; path = Base.lproj/LaunchScreen.storyboard; sourceTree = "<group>"; };
		81B6F2601DD0DAB20093E03D /* Info.plist */ = {isa = PBXFileReference; lastKnownFileType = text.plist.xml; path = Info.plist; sourceTree = "<group>"; };
		81B6F2651DD0DAB30093E03D /* StationTrackerTests.xctest */ = {isa = PBXFileReference; explicitFileType = wrapper.cfbundle; includeInIndex = 0; path = StationTrackerTests.xctest; sourceTree = BUILT_PRODUCTS_DIR; };
		81B6F2691DD0DAB30093E03D /* StationTrackerTests.swift */ = {isa = PBXFileReference; lastKnownFileType = sourcecode.swift; path = StationTrackerTests.swift; sourceTree = "<group>"; };
		81B6F26B1DD0DAB30093E03D /* Info.plist */ = {isa = PBXFileReference; lastKnownFileType = text.plist.xml; path = Info.plist; sourceTree = "<group>"; };
		81B6F2771DD0F8590093E03D /* EnterLocationViewController.swift */ = {isa = PBXFileReference; fileEncoding = 4; lastKnownFileType = sourcecode.swift; path = EnterLocationViewController.swift; sourceTree = "<group>"; };
		81B6F27A1DD105FE0093E03D /* STUtilities.swift */ = {isa = PBXFileReference; fileEncoding = 4; lastKnownFileType = sourcecode.swift; path = STUtilities.swift; sourceTree = "<group>"; };
		81B6F27C1DD14FC70093E03D /* LocationsViewController.swift */ = {isa = PBXFileReference; fileEncoding = 4; lastKnownFileType = sourcecode.swift; path = LocationsViewController.swift; sourceTree = "<group>"; };
/* End PBXFileReference section */

/* Begin PBXFrameworksBuildPhase section */
		81B6F24E1DD0DAB20093E03D /* Frameworks */ = {
			isa = PBXFrameworksBuildPhase;
			buildActionMask = 2147483647;
			files = (
			);
			runOnlyForDeploymentPostprocessing = 0;
		};
		81B6F2621DD0DAB30093E03D /* Frameworks */ = {
			isa = PBXFrameworksBuildPhase;
			buildActionMask = 2147483647;
			files = (
			);
			runOnlyForDeploymentPostprocessing = 0;
		};
/* End PBXFrameworksBuildPhase section */

/* Begin PBXGroup section */
		81B6F2481DD0DAB20093E03D = {
			isa = PBXGroup;
			children = (
				81B6F2531DD0DAB20093E03D /* StationTracker */,
				81B6F2681DD0DAB30093E03D /* StationTrackerTests */,
				81B6F2521DD0DAB20093E03D /* Products */,
			);
			sourceTree = "<group>";
		};
		81B6F2521DD0DAB20093E03D /* Products */ = {
			isa = PBXGroup;
			children = (
				81B6F2511DD0DAB20093E03D /* StationTracker.app */,
				81B6F2651DD0DAB30093E03D /* StationTrackerTests.xctest */,
			);
			name = Products;
			sourceTree = "<group>";
		};
		81B6F2531DD0DAB20093E03D /* StationTracker */ = {
			isa = PBXGroup;
			children = (
				81B6F2541DD0DAB20093E03D /* AppDelegate.swift */,
				81B6F2791DD105CD0093E03D /* Helpers */,
				81B6F2741DD0EC830093E03D /* ViewControllers */,
				81B6F2581DD0DAB20093E03D /* Main.storyboard */,
				81B6F25B1DD0DAB20093E03D /* Assets.xcassets */,
				81B6F25D1DD0DAB20093E03D /* LaunchScreen.storyboard */,
				81B6F2601DD0DAB20093E03D /* Info.plist */,
			);
			path = StationTracker;
			sourceTree = "<group>";
		};
		81B6F2681DD0DAB30093E03D /* StationTrackerTests */ = {
			isa = PBXGroup;
			children = (
				81B6F2691DD0DAB30093E03D /* StationTrackerTests.swift */,
				81B6F26B1DD0DAB30093E03D /* Info.plist */,
			);
			path = StationTrackerTests;
			sourceTree = "<group>";
		};
		81B6F2741DD0EC830093E03D /* ViewControllers */ = {
			isa = PBXGroup;
			children = (
				81B6F2771DD0F8590093E03D /* EnterLocationViewController.swift */,
				81B6F27C1DD14FC70093E03D /* LocationsViewController.swift */,
			);
			path = ViewControllers;
			sourceTree = "<group>";
		};
		81B6F2791DD105CD0093E03D /* Helpers */ = {
			isa = PBXGroup;
			children = (
				81B6F27A1DD105FE0093E03D /* STUtilities.swift */,
			);
			path = Helpers;
			sourceTree = "<group>";
		};
/* End PBXGroup section */

/* Begin PBXNativeTarget section */
		81B6F2501DD0DAB20093E03D /* StationTracker */ = {
			isa = PBXNativeTarget;
			buildConfigurationList = 81B6F26E1DD0DAB30093E03D /* Build configuration list for PBXNativeTarget "StationTracker" */;
			buildPhases = (
				81B6F24D1DD0DAB20093E03D /* Sources */,
				81B6F24E1DD0DAB20093E03D /* Frameworks */,
				81B6F24F1DD0DAB20093E03D /* Resources */,
			);
			buildRules = (
			);
			dependencies = (
			);
			name = StationTracker;
			productName = StationTracker;
			productReference = 81B6F2511DD0DAB20093E03D /* StationTracker.app */;
			productType = "com.apple.product-type.application";
		};
		81B6F2641DD0DAB30093E03D /* StationTrackerTests */ = {
			isa = PBXNativeTarget;
			buildConfigurationList = 81B6F2711DD0DAB30093E03D /* Build configuration list for PBXNativeTarget "StationTrackerTests" */;
			buildPhases = (
				81B6F2611DD0DAB30093E03D /* Sources */,
				81B6F2621DD0DAB30093E03D /* Frameworks */,
				81B6F2631DD0DAB30093E03D /* Resources */,
			);
			buildRules = (
			);
			dependencies = (
				81B6F2671DD0DAB30093E03D /* PBXTargetDependency */,
			);
			name = StationTrackerTests;
			productName = StationTrackerTests;
			productReference = 81B6F2651DD0DAB30093E03D /* StationTrackerTests.xctest */;
			productType = "com.apple.product-type.bundle.unit-test";
		};
/* End PBXNativeTarget section */

/* Begin PBXProject section */
		81B6F2491DD0DAB20093E03D /* Project object */ = {
			isa = PBXProject;
			attributes = {
				LastSwiftUpdateCheck = 0810;
				LastUpgradeCheck = 0810;
				ORGANIZATIONNAME = "Michael Rakowski";
				TargetAttributes = {
					81B6F2501DD0DAB20093E03D = {
						CreatedOnToolsVersion = 8.1;
						ProvisioningStyle = Automatic;
					};
					81B6F2641DD0DAB30093E03D = {
						CreatedOnToolsVersion = 8.1;
						ProvisioningStyle = Automatic;
						TestTargetID = 81B6F2501DD0DAB20093E03D;
					};
				};
			};
			buildConfigurationList = 81B6F24C1DD0DAB20093E03D /* Build configuration list for PBXProject "StationTracker" */;
			compatibilityVersion = "Xcode 3.2";
			developmentRegion = English;
			hasScannedForEncodings = 0;
			knownRegions = (
				en,
				Base,
			);
			mainGroup = 81B6F2481DD0DAB20093E03D;
			productRefGroup = 81B6F2521DD0DAB20093E03D /* Products */;
			projectDirPath = "";
			projectRoot = "";
			targets = (
				81B6F2501DD0DAB20093E03D /* StationTracker */,
				81B6F2641DD0DAB30093E03D /* StationTrackerTests */,
			);
		};
/* End PBXProject section */

/* Begin PBXResourcesBuildPhase section */
		81B6F24F1DD0DAB20093E03D /* Resources */ = {
			isa = PBXResourcesBuildPhase;
			buildActionMask = 2147483647;
			files = (
				81B6F25F1DD0DAB20093E03D /* LaunchScreen.storyboard in Resources */,
				81B6F25C1DD0DAB20093E03D /* Assets.xcassets in Resources */,
				81B6F25A1DD0DAB20093E03D /* Main.storyboard in Resources */,
			);
			runOnlyForDeploymentPostprocessing = 0;
		};
		81B6F2631DD0DAB30093E03D /* Resources */ = {
			isa = PBXResourcesBuildPhase;
			buildActionMask = 2147483647;
			files = (
			);
			runOnlyForDeploymentPostprocessing = 0;
		};
/* End PBXResourcesBuildPhase section */

/* Begin PBXSourcesBuildPhase section */
		81B6F24D1DD0DAB20093E03D /* Sources */ = {
			isa = PBXSourcesBuildPhase;
			buildActionMask = 2147483647;
			files = (
				81B6F2781DD0F8590093E03D /* EnterLocationViewController.swift in Sources */,
				81B6F2551DD0DAB20093E03D /* AppDelegate.swift in Sources */,
				81B6F27B1DD105FE0093E03D /* STUtilities.swift in Sources */,
				81B6F27D1DD14FC70093E03D /* LocationsViewController.swift in Sources */,
			);
			runOnlyForDeploymentPostprocessing = 0;
		};
		81B6F2611DD0DAB30093E03D /* Sources */ = {
			isa = PBXSourcesBuildPhase;
			buildActionMask = 2147483647;
			files = (
				81B6F26A1DD0DAB30093E03D /* StationTrackerTests.swift in Sources */,
			);
			runOnlyForDeploymentPostprocessing = 0;
		};
/* End PBXSourcesBuildPhase section */

/* Begin PBXTargetDependency section */
		81B6F2671DD0DAB30093E03D /* PBXTargetDependency */ = {
			isa = PBXTargetDependency;
			target = 81B6F2501DD0DAB20093E03D /* StationTracker */;
			targetProxy = 81B6F2661DD0DAB30093E03D /* PBXContainerItemProxy */;
		};
/* End PBXTargetDependency section */

/* Begin PBXVariantGroup section */
		81B6F2581DD0DAB20093E03D /* Main.storyboard */ = {
			isa = PBXVariantGroup;
			children = (
				81B6F2591DD0DAB20093E03D /* Base */,
			);
			name = Main.storyboard;
			sourceTree = "<group>";
		};
		81B6F25D1DD0DAB20093E03D /* LaunchScreen.storyboard */ = {
			isa = PBXVariantGroup;
			children = (
				81B6F25E1DD0DAB20093E03D /* Base */,
			);
			name = LaunchScreen.storyboard;
			sourceTree = "<group>";
		};
/* End PBXVariantGroup section */

/* Begin XCBuildConfiguration section */
		81B6F26C1DD0DAB30093E03D /* Debug */ = {
			isa = XCBuildConfiguration;
			buildSettings = {
				ALWAYS_SEARCH_USER_PATHS = NO;
				CLANG_ANALYZER_NONNULL = YES;
				CLANG_CXX_LANGUAGE_STANDARD = "gnu++0x";
				CLANG_CXX_LIBRARY = "libc++";
				CLANG_ENABLE_MODULES = YES;
				CLANG_ENABLE_OBJC_ARC = YES;
				CLANG_WARN_BOOL_CONVERSION = YES;
				CLANG_WARN_CONSTANT_CONVERSION = YES;
				CLANG_WARN_DIRECT_OBJC_ISA_USAGE = YES_ERROR;
				CLANG_WARN_DOCUMENTATION_COMMENTS = YES;
				CLANG_WARN_EMPTY_BODY = YES;
				CLANG_WARN_ENUM_CONVERSION = YES;
				CLANG_WARN_INFINITE_RECURSION = YES;
				CLANG_WARN_INT_CONVERSION = YES;
				CLANG_WARN_OBJC_ROOT_CLASS = YES_ERROR;
				CLANG_WARN_SUSPICIOUS_MOVES = YES;
				CLANG_WARN_UNREACHABLE_CODE = YES;
				CLANG_WARN__DUPLICATE_METHOD_MATCH = YES;
				"CODE_SIGN_IDENTITY[sdk=iphoneos*]" = "iPhone Developer";
				COPY_PHASE_STRIP = NO;
				DEBUG_INFORMATION_FORMAT = dwarf;
				ENABLE_STRICT_OBJC_MSGSEND = YES;
				ENABLE_TESTABILITY = YES;
				GCC_C_LANGUAGE_STANDARD = gnu99;
				GCC_DYNAMIC_NO_PIC = NO;
				GCC_NO_COMMON_BLOCKS = YES;
				GCC_OPTIMIZATION_LEVEL = 0;
				GCC_PREPROCESSOR_DEFINITIONS = (
					"DEBUG=1",
					"$(inherited)",
				);
				GCC_WARN_64_TO_32_BIT_CONVERSION = YES;
				GCC_WARN_ABOUT_RETURN_TYPE = YES_ERROR;
				GCC_WARN_UNDECLARED_SELECTOR = YES;
				GCC_WARN_UNINITIALIZED_AUTOS = YES_AGGRESSIVE;
				GCC_WARN_UNUSED_FUNCTION = YES;
				GCC_WARN_UNUSED_VARIABLE = YES;
				IPHONEOS_DEPLOYMENT_TARGET = 10.1;
				MTL_ENABLE_DEBUG_INFO = YES;
				ONLY_ACTIVE_ARCH = YES;
				SDKROOT = iphoneos;
				SWIFT_ACTIVE_COMPILATION_CONDITIONS = DEBUG;
				SWIFT_OPTIMIZATION_LEVEL = "-Onone";
			};
			name = Debug;
		};
		81B6F26D1DD0DAB30093E03D /* Release */ = {
			isa = XCBuildConfiguration;
			buildSettings = {
				ALWAYS_SEARCH_USER_PATHS = NO;
				CLANG_ANALYZER_NONNULL = YES;
				CLANG_CXX_LANGUAGE_STANDARD = "gnu++0x";
				CLANG_CXX_LIBRARY = "libc++";
				CLANG_ENABLE_MODULES = YES;
				CLANG_ENABLE_OBJC_ARC = YES;
				CLANG_WARN_BOOL_CONVERSION = YES;
				CLANG_WARN_CONSTANT_CONVERSION = YES;
				CLANG_WARN_DIRECT_OBJC_ISA_USAGE = YES_ERROR;
				CLANG_WARN_DOCUMENTATION_COMMENTS = YES;
				CLANG_WARN_EMPTY_BODY = YES;
				CLANG_WARN_ENUM_CONVERSION = YES;
				CLANG_WARN_INFINITE_RECURSION = YES;
				CLANG_WARN_INT_CONVERSION = YES;
				CLANG_WARN_OBJC_ROOT_CLASS = YES_ERROR;
				CLANG_WARN_SUSPICIOUS_MOVES = YES;
				CLANG_WARN_UNREACHABLE_CODE = YES;
				CLANG_WARN__DUPLICATE_METHOD_MATCH = YES;
				"CODE_SIGN_IDENTITY[sdk=iphoneos*]" = "iPhone Developer";
				COPY_PHASE_STRIP = NO;
				DEBUG_INFORMATION_FORMAT = "dwarf-with-dsym";
				ENABLE_NS_ASSERTIONS = NO;
				ENABLE_STRICT_OBJC_MSGSEND = YES;
				GCC_C_LANGUAGE_STANDARD = gnu99;
				GCC_NO_COMMON_BLOCKS = YES;
				GCC_WARN_64_TO_32_BIT_CONVERSION = YES;
				GCC_WARN_ABOUT_RETURN_TYPE = YES_ERROR;
				GCC_WARN_UNDECLARED_SELECTOR = YES;
				GCC_WARN_UNINITIALIZED_AUTOS = YES_AGGRESSIVE;
				GCC_WARN_UNUSED_FUNCTION = YES;
				GCC_WARN_UNUSED_VARIABLE = YES;
				IPHONEOS_DEPLOYMENT_TARGET = 10.1;
				MTL_ENABLE_DEBUG_INFO = NO;
				SDKROOT = iphoneos;
				SWIFT_OPTIMIZATION_LEVEL = "-Owholemodule";
				VALIDATE_PRODUCT = YES;
			};
			name = Release;
		};
		81B6F26F1DD0DAB30093E03D /* Debug */ = {
			isa = XCBuildConfiguration;
			buildSettings = {
				ASSETCATALOG_COMPILER_APPICON_NAME = AppIcon;
				INFOPLIST_FILE = StationTracker/Info.plist;
				LD_RUNPATH_SEARCH_PATHS = "$(inherited) @executable_path/Frameworks";
				PRODUCT_BUNDLE_IDENTIFIER = RRR.StationTracker;
				PRODUCT_NAME = "$(TARGET_NAME)";
				SWIFT_VERSION = 3.0;
			};
			name = Debug;
		};
		81B6F2701DD0DAB30093E03D /* Release */ = {
			isa = XCBuildConfiguration;
			buildSettings = {
				ASSETCATALOG_COMPILER_APPICON_NAME = AppIcon;
				INFOPLIST_FILE = StationTracker/Info.plist;
				LD_RUNPATH_SEARCH_PATHS = "$(inherited) @executable_path/Frameworks";
				PRODUCT_BUNDLE_IDENTIFIER = RRR.StationTracker;
				PRODUCT_NAME = "$(TARGET_NAME)";
				SWIFT_VERSION = 3.0;
			};
			name = Release;
		};
		81B6F2721DD0DAB30093E03D /* Debug */ = {
			isa = XCBuildConfiguration;
			buildSettings = {
				ALWAYS_EMBED_SWIFT_STANDARD_LIBRARIES = YES;
				BUNDLE_LOADER = "$(TEST_HOST)";
				INFOPLIST_FILE = StationTrackerTests/Info.plist;
				LD_RUNPATH_SEARCH_PATHS = "$(inherited) @executable_path/Frameworks @loader_path/Frameworks";
				PRODUCT_BUNDLE_IDENTIFIER = RRR.StationTrackerTests;
				PRODUCT_NAME = "$(TARGET_NAME)";
				SWIFT_VERSION = 3.0;
				TEST_HOST = "$(BUILT_PRODUCTS_DIR)/StationTracker.app/StationTracker";
			};
			name = Debug;
		};
		81B6F2731DD0DAB30093E03D /* Release */ = {
			isa = XCBuildConfiguration;
			buildSettings = {
				ALWAYS_EMBED_SWIFT_STANDARD_LIBRARIES = YES;
				BUNDLE_LOADER = "$(TEST_HOST)";
				INFOPLIST_FILE = StationTrackerTests/Info.plist;
				LD_RUNPATH_SEARCH_PATHS = "$(inherited) @executable_path/Frameworks @loader_path/Frameworks";
				PRODUCT_BUNDLE_IDENTIFIER = RRR.StationTrackerTests;
				PRODUCT_NAME = "$(TARGET_NAME)";
				SWIFT_VERSION = 3.0;
				TEST_HOST = "$(BUILT_PRODUCTS_DIR)/StationTracker.app/StationTracker";
			};
			name = Release;
		};
/* End XCBuildConfiguration section */

/* Begin XCConfigurationList section */
		81B6F24C1DD0DAB20093E03D /* Build configuration list for PBXProject "StationTracker" */ = {
			isa = XCConfigurationList;
			buildConfigurations = (
				81B6F26C1DD0DAB30093E03D /* Debug */,
				81B6F26D1DD0DAB30093E03D /* Release */,
			);
			defaultConfigurationIsVisible = 0;
			defaultConfigurationName = Release;
		};
		81B6F26E1DD0DAB30093E03D /* Build configuration list for PBXNativeTarget "StationTracker" */ = {
			isa = XCConfigurationList;
			buildConfigurations = (
				81B6F26F1DD0DAB30093E03D /* Debug */,
				81B6F2701DD0DAB30093E03D /* Release */,
			);
			defaultConfigurationIsVisible = 0;
			defaultConfigurationName = Release;
		};
		81B6F2711DD0DAB30093E03D /* Build configuration list for PBXNativeTarget "StationTrackerTests" */ = {
			isa = XCConfigurationList;
			buildConfigurations = (
				81B6F2721DD0DAB30093E03D /* Debug */,
				81B6F2731DD0DAB30093E03D /* Release */,
			);
			defaultConfigurationIsVisible = 0;
			defaultConfigurationName = Release;
		};
/* End XCConfigurationList section */
	};
	rootObject = 81B6F2491DD0DAB20093E03D /* Project object */;
}
